// !$*UTF8*$!
{
	archiveVersion = 1;
	classes = {
	};
	objectVersion = 46;
	objects = {

/* Begin PBXBuildFile section */
		BD80A2381D51C80D00DBFB9D /* AppDelegate.swift in Sources */ = {isa = PBXBuildFile; fileRef = BD80A2371D51C80D00DBFB9D /* AppDelegate.swift */; };
		BD80A23A1D51C80D00DBFB9D /* ViewController.swift in Sources */ = {isa = PBXBuildFile; fileRef = BD80A2391D51C80D00DBFB9D /* ViewController.swift */; };
		BD80A23D1D51C80D00DBFB9D /* Main.storyboard in Resources */ = {isa = PBXBuildFile; fileRef = BD80A23B1D51C80D00DBFB9D /* Main.storyboard */; };
		BD80A23F1D51C80D00DBFB9D /* Assets.xcassets in Resources */ = {isa = PBXBuildFile; fileRef = BD80A23E1D51C80D00DBFB9D /* Assets.xcassets */; };
		BD80A2421D51C80D00DBFB9D /* LaunchScreen.storyboard in Resources */ = {isa = PBXBuildFile; fileRef = BD80A2401D51C80D00DBFB9D /* LaunchScreen.storyboard */; };
/* End PBXBuildFile section */

/* Begin PBXFileReference section */
		BD80A2341D51C80D00DBFB9D /* Eggsacto.app */ = {isa = PBXFileReference; explicitFileType = wrapper.application; includeInIndex = 0; path = Eggsacto.app; sourceTree = BUILT_PRODUCTS_DIR; };
		BD80A2371D51C80D00DBFB9D /* AppDelegate.swift */ = {isa = PBXFileReference; lastKnownFileType = sourcecode.swift; path = AppDelegate.swift; sourceTree = "<group>"; };
		BD80A2391D51C80D00DBFB9D /* ViewController.swift */ = {isa = PBXFileReference; lastKnownFileType = sourcecode.swift; path = ViewController.swift; sourceTree = "<group>"; };
		BD80A23C1D51C80D00DBFB9D /* Base */ = {isa = PBXFileReference; lastKnownFileType = file.storyboard; name = Base; path = Base.lproj/Main.storyboard; sourceTree = "<group>"; };
		BD80A23E1D51C80D00DBFB9D /* Assets.xcassets */ = {isa = PBXFileReference; lastKnownFileType = folder.assetcatalog; path = Assets.xcassets; sourceTree = "<group>"; };
		BD80A2411D51C80D00DBFB9D /* Base */ = {isa = PBXFileReference; lastKnownFileType = file.storyboard; name = Base; path = Base.lproj/LaunchScreen.storyboard; sourceTree = "<group>"; };
		BD80A2431D51C80D00DBFB9D /* Info.plist */ = {isa = PBXFileReference; lastKnownFileType = text.plist.xml; path = Info.plist; sourceTree = "<group>"; };
/* End PBXFileReference section */

/* Begin PBXFrameworksBuildPhase section */
		BD80A2311D51C80D00DBFB9D /* Frameworks */ = {
			isa = PBXFrameworksBuildPhase;
			buildActionMask = 2147483647;
			files = (
			);
			runOnlyForDeploymentPostprocessing = 0;
		};
/* End PBXFrameworksBuildPhase section */

/* Begin PBXGroup section */
		BD80A22B1D51C80D00DBFB9D = {
			isa = PBXGroup;
			children = (
				BD80A2361D51C80D00DBFB9D /* Eggsacto */,
				BD80A2351D51C80D00DBFB9D /* Products */,
			);
			sourceTree = "<group>";
		};
		BD80A2351D51C80D00DBFB9D /* Products */ = {
			isa = PBXGroup;
			children = (
				BD80A2341D51C80D00DBFB9D /* Eggsacto.app */,
			);
			name = Products;
			sourceTree = "<group>";
		};
		BD80A2361D51C80D00DBFB9D /* Eggsacto */ = {
			isa = PBXGroup;
			children = (
				BD80A2371D51C80D00DBFB9D /* AppDelegate.swift */,
				BD80A2391D51C80D00DBFB9D /* ViewController.swift */,
				BD80A23B1D51C80D00DBFB9D /* Main.storyboard */,
				BD80A23E1D51C80D00DBFB9D /* Assets.xcassets */,
				BD80A2401D51C80D00DBFB9D /* LaunchScreen.storyboard */,
				BD80A2431D51C80D00DBFB9D /* Info.plist */,
			);
			path = Eggsacto;
			sourceTree = "<group>";
		};
/* End PBXGroup section */

/* Begin PBXNativeTarget section */
		BD80A2331D51C80D00DBFB9D /* Eggsacto */ = {
			isa = PBXNativeTarget;
			buildConfigurationList = BD80A2461D51C80D00DBFB9D /* Build configuration list for PBXNativeTarget "Eggsacto" */;
			buildPhases = (
				BD80A2301D51C80D00DBFB9D /* Sources */,
				BD80A2311D51C80D00DBFB9D /* Frameworks */,
				BD80A2321D51C80D00DBFB9D /* Resources */,
			);
			buildRules = (
			);
			dependencies = (
			);
			name = Eggsacto;
			productName = Eggsacto;
			productReference = BD80A2341D51C80D00DBFB9D /* Eggsacto.app */;
			productType = "com.apple.product-type.application";
		};
/* End PBXNativeTarget section */

/* Begin PBXProject section */
		BD80A22C1D51C80D00DBFB9D /* Project object */ = {
			isa = PBXProject;
			attributes = {
				LastSwiftUpdateCheck = 0730;
				LastUpgradeCheck = 0730;
				ORGANIZATIONNAME = "Shifty Jelly";
				TargetAttributes = {
					BD80A2331D51C80D00DBFB9D = {
						CreatedOnToolsVersion = 7.3;
					};
				};
			};
			buildConfigurationList = BD80A22F1D51C80D00DBFB9D /* Build configuration list for PBXProject "Eggsacto" */;
			compatibilityVersion = "Xcode 3.2";
			developmentRegion = English;
			hasScannedForEncodings = 0;
			knownRegions = (
				en,
				Base,
			);
			mainGroup = BD80A22B1D51C80D00DBFB9D;
			productRefGroup = BD80A2351D51C80D00DBFB9D /* Products */;
			projectDirPath = "";
			projectRoot = "";
			targets = (
				BD80A2331D51C80D00DBFB9D /* Eggsacto */,
			);
		};
/* End PBXProject section */

/* Begin PBXResourcesBuildPhase section */
		BD80A2321D51C80D00DBFB9D /* Resources */ = {
			isa = PBXResourcesBuildPhase;
			buildActionMask = 2147483647;
			files = (
				BD80A2421D51C80D00DBFB9D /* LaunchScreen.storyboard in Resources */,
				BD80A23F1D51C80D00DBFB9D /* Assets.xcassets in Resources */,
				BD80A23D1D51C80D00DBFB9D /* Main.storyboard in Resources */,
			);
			runOnlyForDeploymentPostprocessing = 0;
		};
/* End PBXResourcesBuildPhase section */

/* Begin PBXSourcesBuildPhase section */
		BD80A2301D51C80D00DBFB9D /* Sources */ = {
			isa = PBXSourcesBuildPhase;
			buildActionMask = 2147483647;
			files = (
				BD80A23A1D51C80D00DBFB9D /* ViewController.swift in Sources */,
				BD80A2381D51C80D00DBFB9D /* AppDelegate.swift in Sources */,
			);
			runOnlyForDeploymentPostprocessing = 0;
		};
/* End PBXSourcesBuildPhase section */

/* Begin PBXVariantGroup section */
		BD80A23B1D51C80D00DBFB9D /* Main.storyboard */ = {
			isa = PBXVariantGroup;
			children = (
				BD80A23C1D51C80D00DBFB9D /* Base */,
			);
			name = Main.storyboard;
			sourceTree = "<group>";
		};
		BD80A2401D51C80D00DBFB9D /* LaunchScreen.storyboard */ = {
			isa = PBXVariantGroup;
			children = (
				BD80A2411D51C80D00DBFB9D /* Base */,
			);
			name = LaunchScreen.storyboard;
			sourceTree = "<group>";
		};
/* End PBXVariantGroup section */

/* Begin XCBuildConfiguration section */
		BD80A2441D51C80D00DBFB9D /* Debug */ = {
			isa = XCBuildConfiguration;
			buildSettings = {
				ALWAYS_SEARCH_USER_PATHS = NO;
				CLANG_ANALYZER_NONNULL = YES;
				CLANG_CXX_LANGUAGE_STANDARD = "gnu++0x";
				CLANG_CXX_LIBRARY = "libc++";
				CLANG_ENABLE_MODULES = YES;
				CLANG_ENABLE_OBJC_ARC = YES;
				CLANG_WARN_BOOL_CONVERSION = YES;
				CLANG_WARN_CONSTANT_CONVERSION = YES;
				CLANG_WARN_DIRECT_OBJC_ISA_USAGE = YES_ERROR;
				CLANG_WARN_EMPTY_BODY = YES;
				CLANG_WARN_ENUM_CONVERSION = YES;
				CLANG_WARN_INT_CONVERSION = YES;
				CLANG_WARN_OBJC_ROOT_CLASS = YES_ERROR;
				CLANG_WARN_UNREACHABLE_CODE = YES;
				CLANG_WARN__DUPLICATE_METHOD_MATCH = YES;
				"CODE_SIGN_IDENTITY[sdk=iphoneos*]" = "iPhone Developer";
				COPY_PHASE_STRIP = NO;
				DEBUG_INFORMATION_FORMAT = dwarf;
				ENABLE_STRICT_OBJC_MSGSEND = YES;
				ENABLE_TESTABILITY = YES;
				GCC_C_LANGUAGE_STANDARD = gnu99;
				GCC_DYNAMIC_NO_PIC = NO;
				GCC_NO_COMMON_BLOCKS = YES;
				GCC_OPTIMIZATION_LEVEL = 0;
				GCC_PREPROCESSOR_DEFINITIONS = (
					"DEBUG=1",
					"$(inherited)",
				);
				GCC_WARN_64_TO_32_BIT_CONVERSION = YES;
				GCC_WARN_ABOUT_RETURN_TYPE = YES_ERROR;
				GCC_WARN_UNDECLARED_SELECTOR = YES;
				GCC_WARN_UNINITIALIZED_AUTOS = YES_AGGRESSIVE;
				GCC_WARN_UNUSED_FUNCTION = YES;
				GCC_WARN_UNUSED_VARIABLE = YES;
				IPHONEOS_DEPLOYMENT_TARGET = 9.3;
				MTL_ENABLE_DEBUG_INFO = YES;
				ONLY_ACTIVE_ARCH = YES;
				SDKROOT = iphoneos;
				SWIFT_OPTIMIZATION_LEVEL = "-Onone";
			};
			name = Debug;
		};
		BD80A2451D51C80D00DBFB9D /* Release */ = {
			isa = XCBuildConfiguration;
			buildSettings = {
				ALWAYS_SEARCH_USER_PATHS = NO;
				CLANG_ANALYZER_NONNULL = YES;
				CLANG_CXX_LANGUAGE_STANDARD = "gnu++0x";
				CLANG_CXX_LIBRARY = "libc++";
				CLANG_ENABLE_MODULES = YES;
				CLANG_ENABLE_OBJC_ARC = YES;
				CLANG_WARN_BOOL_CONVERSION = YES;
				CLANG_WARN_CONSTANT_CONVERSION = YES;
				CLANG_WARN_DIRECT_OBJC_ISA_USAGE = YES_ERROR;
				CLANG_WARN_EMPTY_BODY = YES;
				CLANG_WARN_ENUM_CONVERSION = YES;
				CLANG_WARN_INT_CONVERSION = YES;
				CLANG_WARN_OBJC_ROOT_CLASS = YES_ERROR;
				CLANG_WARN_UNREACHABLE_CODE = YES;
				CLANG_WARN__DUPLICATE_METHOD_MATCH = YES;
				"CODE_SIGN_IDENTITY[sdk=iphoneos*]" = "iPhone Developer";
				COPY_PHASE_STRIP = NO;
				DEBUG_INFORMATION_FORMAT = "dwarf-with-dsym";
				ENABLE_NS_ASSERTIONS = NO;
				ENABLE_STRICT_OBJC_MSGSEND = YES;
				GCC_C_LANGUAGE_STANDARD = gnu99;
				GCC_NO_COMMON_BLOCKS = YES;
				GCC_WARN_64_TO_32_BIT_CONVERSION = YES;
				GCC_WARN_ABOUT_RETURN_TYPE = YES_ERROR;
				GCC_WARN_UNDECLARED_SELECTOR = YES;
				GCC_WARN_UNINITIALIZED_AUTOS = YES_AGGRESSIVE;
				GCC_WARN_UNUSED_FUNCTION = YES;
				GCC_WARN_UNUSED_VARIABLE = YES;
				IPHONEOS_DEPLOYMENT_TARGET = 9.3;
				MTL_ENABLE_DEBUG_INFO = NO;
				SDKROOT = iphoneos;
				VALIDATE_PRODUCT = YES;
			};
			name = Release;
		};
		BD80A2471D51C80D00DBFB9D /* Debug */ = {
			isa = XCBuildConfiguration;
			buildSettings = {
				ASSETCATALOG_COMPILER_APPICON_NAME = AppIcon;
				INFOPLIST_FILE = Eggsacto/Info.plist;
				LD_RUNPATH_SEARCH_PATHS = "$(inherited) @executable_path/Frameworks";
				PRODUCT_BUNDLE_IDENTIFIER = au.com.shiftyjelly.labs.Eggsacto;
				PRODUCT_NAME = "$(TARGET_NAME)";
			};
			name = Debug;
		};
		BD80A2481D51C80D00DBFB9D /* Release */ = {
			isa = XCBuildConfiguration;
			buildSettings = {
				ASSETCATALOG_COMPILER_APPICON_NAME = AppIcon;
				INFOPLIST_FILE = Eggsacto/Info.plist;
				LD_RUNPATH_SEARCH_PATHS = "$(inherited) @executable_path/Frameworks";
				PRODUCT_BUNDLE_IDENTIFIER = au.com.shiftyjelly.labs.Eggsacto;
				PRODUCT_NAME = "$(TARGET_NAME)";
			};
			name = Release;
		};
/* End XCBuildConfiguration section */

/* Begin XCConfigurationList section */
		BD80A22F1D51C80D00DBFB9D /* Build configuration list for PBXProject "Eggsacto" */ = {
			isa = XCConfigurationList;
			buildConfigurations = (
				BD80A2441D51C80D00DBFB9D /* Debug */,
				BD80A2451D51C80D00DBFB9D /* Release */,
			);
			defaultConfigurationIsVisible = 0;
			defaultConfigurationName = Release;
		};
		BD80A2461D51C80D00DBFB9D /* Build configuration list for PBXNativeTarget "Eggsacto" */ = {
			isa = XCConfigurationList;
			buildConfigurations = (
				BD80A2471D51C80D00DBFB9D /* Debug */,
				BD80A2481D51C80D00DBFB9D /* Release */,
			);
			defaultConfigurationIsVisible = 0;
		};
/* End XCConfigurationList section */
	};
	rootObject = BD80A22C1D51C80D00DBFB9D /* Project object */;
}
